PODS:
  - SWActivityIndicatorView (2.0.0)

DEPENDENCIES:
  - SWActivityIndicatorView (from `../`)

EXTERNAL SOURCES:
  SWActivityIndicatorView:
    :path: "../"

SPEC CHECKSUMS:
  SWActivityIndicatorView: 707e4c25897c267cdcf76dabba7c777a05a0b89f

PODFILE CHECKSUM: 671afe799e7b6ba87886b5dd7027637b6b2e0725

COCOAPODS: 1.2.0.beta.3
